// !$*UTF8*$!
{
	archiveVersion = 1;
	classes = {
	};
	objectVersion = 55;
	objects = {

/* Begin PBXBuildFile section */
		DB28CAC12850946F008CE742 /* _10598100_lab10App.swift in Sources */ = {isa = PBXBuildFile; fileRef = DB28CAC02850946F008CE742 /* _10598100_lab10App.swift */; };
		DB28CAC32850946F008CE742 /* ContentView.swift in Sources */ = {isa = PBXBuildFile; fileRef = DB28CAC22850946F008CE742 /* ContentView.swift */; };
		DB28CAC528509470008CE742 /* Assets.xcassets in Resources */ = {isa = PBXBuildFile; fileRef = DB28CAC428509470008CE742 /* Assets.xcassets */; };
		DB28CAC828509470008CE742 /* Preview Assets.xcassets in Resources */ = {isa = PBXBuildFile; fileRef = DB28CAC728509470008CE742 /* Preview Assets.xcassets */; };
		DB28CAD228509471008CE742 /* _10598100_lab10Tests.swift in Sources */ = {isa = PBXBuildFile; fileRef = DB28CAD128509471008CE742 /* _10598100_lab10Tests.swift */; };
		DB28CADC28509471008CE742 /* _10598100_lab10UITests.swift in Sources */ = {isa = PBXBuildFile; fileRef = DB28CADB28509471008CE742 /* _10598100_lab10UITests.swift */; };
		DB28CADE28509471008CE742 /* _10598100_lab10UITestsLaunchTests.swift in Sources */ = {isa = PBXBuildFile; fileRef = DB28CADD28509471008CE742 /* _10598100_lab10UITestsLaunchTests.swift */; };
		DB28CAEB2850969D008CE742 /* GoogleService-Info.plist in Resources */ = {isa = PBXBuildFile; fileRef = DB28CAEA2850969D008CE742 /* GoogleService-Info.plist */; };
		DB28CAEE28509754008CE742 /* FirebaseAuth in Frameworks */ = {isa = PBXBuildFile; productRef = DB28CAED28509754008CE742 /* FirebaseAuth */; };
		DB28CAF028509754008CE742 /* FirebaseFirestoreSwift in Frameworks */ = {isa = PBXBuildFile; productRef = DB28CAEF28509754008CE742 /* FirebaseFirestoreSwift */; };
		DB28CAF228509754008CE742 /* FirebaseStorage in Frameworks */ = {isa = PBXBuildFile; productRef = DB28CAF128509754008CE742 /* FirebaseStorage */; };
		DB54BDD328509A6C0066B9CA /* firstTab.swift in Sources */ = {isa = PBXBuildFile; fileRef = DB54BDD228509A6C0066B9CA /* firstTab.swift */; };
		DB54BDD528509A790066B9CA /* secondTab.swift in Sources */ = {isa = PBXBuildFile; fileRef = DB54BDD428509A790066B9CA /* secondTab.swift */; };
		DB54BDD928519C800066B9CA /* creatAccount.swift in Sources */ = {isa = PBXBuildFile; fileRef = DB54BDD828519C800066B9CA /* creatAccount.swift */; };
/* End PBXBuildFile section */

/* Begin PBXContainerItemProxy section */
		DB28CACE28509471008CE742 /* PBXContainerItemProxy */ = {
			isa = PBXContainerItemProxy;
			containerPortal = DB28CAB52850946F008CE742 /* Project object */;
			proxyType = 1;
			remoteGlobalIDString = DB28CABC2850946F008CE742;
			remoteInfo = 110598100_lab10;
		};
		DB28CAD828509471008CE742 /* PBXContainerItemProxy */ = {
			isa = PBXContainerItemProxy;
			containerPortal = DB28CAB52850946F008CE742 /* Project object */;
			proxyType = 1;
			remoteGlobalIDString = DB28CABC2850946F008CE742;
			remoteInfo = 110598100_lab10;
		};
/* End PBXContainerItemProxy section */

/* Begin PBXFileReference section */
		DB28CABD2850946F008CE742 /* 110598100_lab10.app */ = {isa = PBXFileReference; explicitFileType = wrapper.application; includeInIndex = 0; path = 110598100_lab10.app; sourceTree = BUILT_PRODUCTS_DIR; };
		DB28CAC02850946F008CE742 /* _10598100_lab10App.swift */ = {isa = PBXFileReference; lastKnownFileType = sourcecode.swift; path = _10598100_lab10App.swift; sourceTree = "<group>"; };
		DB28CAC22850946F008CE742 /* ContentView.swift */ = {isa = PBXFileReference; lastKnownFileType = sourcecode.swift; path = ContentView.swift; sourceTree = "<group>"; };
		DB28CAC428509470008CE742 /* Assets.xcassets */ = {isa = PBXFileReference; lastKnownFileType = folder.assetcatalog; path = Assets.xcassets; sourceTree = "<group>"; };
		DB28CAC728509470008CE742 /* Preview Assets.xcassets */ = {isa = PBXFileReference; lastKnownFileType = folder.assetcatalog; path = "Preview Assets.xcassets"; sourceTree = "<group>"; };
		DB28CACD28509471008CE742 /* 110598100_lab10Tests.xctest */ = {isa = PBXFileReference; explicitFileType = wrapper.cfbundle; includeInIndex = 0; path = 110598100_lab10Tests.xctest; sourceTree = BUILT_PRODUCTS_DIR; };
		DB28CAD128509471008CE742 /* _10598100_lab10Tests.swift */ = {isa = PBXFileReference; lastKnownFileType = sourcecode.swift; path = _10598100_lab10Tests.swift; sourceTree = "<group>"; };
		DB28CAD728509471008CE742 /* 110598100_lab10UITests.xctest */ = {isa = PBXFileReference; explicitFileType = wrapper.cfbundle; includeInIndex = 0; path = 110598100_lab10UITests.xctest; sourceTree = BUILT_PRODUCTS_DIR; };
		DB28CADB28509471008CE742 /* _10598100_lab10UITests.swift */ = {isa = PBXFileReference; lastKnownFileType = sourcecode.swift; path = _10598100_lab10UITests.swift; sourceTree = "<group>"; };
		DB28CADD28509471008CE742 /* _10598100_lab10UITestsLaunchTests.swift */ = {isa = PBXFileReference; lastKnownFileType = sourcecode.swift; path = _10598100_lab10UITestsLaunchTests.swift; sourceTree = "<group>"; };
		DB28CAEA2850969D008CE742 /* GoogleService-Info.plist */ = {isa = PBXFileReference; fileEncoding = 4; lastKnownFileType = text.plist.xml; path = "GoogleService-Info.plist"; sourceTree = "<group>"; };
		DB54BDD228509A6C0066B9CA /* firstTab.swift */ = {isa = PBXFileReference; lastKnownFileType = sourcecode.swift; path = firstTab.swift; sourceTree = "<group>"; };
		DB54BDD428509A790066B9CA /* secondTab.swift */ = {isa = PBXFileReference; lastKnownFileType = sourcecode.swift; path = secondTab.swift; sourceTree = "<group>"; };
		DB54BDD828519C800066B9CA /* creatAccount.swift */ = {isa = PBXFileReference; lastKnownFileType = sourcecode.swift; path = creatAccount.swift; sourceTree = "<group>"; };
/* End PBXFileReference section */

/* Begin PBXFrameworksBuildPhase section */
		DB28CABA2850946F008CE742 /* Frameworks */ = {
			isa = PBXFrameworksBuildPhase;
			buildActionMask = 2147483647;
			files = (
				DB28CAEE28509754008CE742 /* FirebaseAuth in Frameworks */,
				DB28CAF028509754008CE742 /* FirebaseFirestoreSwift in Frameworks */,
				DB28CAF228509754008CE742 /* FirebaseStorage in Frameworks */,
			);
			runOnlyForDeploymentPostprocessing = 0;
		};
		DB28CACA28509471008CE742 /* Frameworks */ = {
			isa = PBXFrameworksBuildPhase;
			buildActionMask = 2147483647;
			files = (
			);
			runOnlyForDeploymentPostprocessing = 0;
		};
		DB28CAD428509471008CE742 /* Frameworks */ = {
			isa = PBXFrameworksBuildPhase;
			buildActionMask = 2147483647;
			files = (
			);
			runOnlyForDeploymentPostprocessing = 0;
		};
/* End PBXFrameworksBuildPhase section */

/* Begin PBXGroup section */
		DB28CAB42850946F008CE742 = {
			isa = PBXGroup;
			children = (
				DB54BDD828519C800066B9CA /* creatAccount.swift */,
				DB54BDD428509A790066B9CA /* secondTab.swift */,
				DB54BDD228509A6C0066B9CA /* firstTab.swift */,
				DB28CABF2850946F008CE742 /* 110598100_lab10 */,
				DB28CAD028509471008CE742 /* 110598100_lab10Tests */,
				DB28CADA28509471008CE742 /* 110598100_lab10UITests */,
				DB28CABE2850946F008CE742 /* Products */,
			);
			sourceTree = "<group>";
		};
		DB28CABE2850946F008CE742 /* Products */ = {
			isa = PBXGroup;
			children = (
				DB28CABD2850946F008CE742 /* 110598100_lab10.app */,
				DB28CACD28509471008CE742 /* 110598100_lab10Tests.xctest */,
				DB28CAD728509471008CE742 /* 110598100_lab10UITests.xctest */,
			);
			name = Products;
			sourceTree = "<group>";
		};
		DB28CABF2850946F008CE742 /* 110598100_lab10 */ = {
			isa = PBXGroup;
			children = (
				DB28CAEA2850969D008CE742 /* GoogleService-Info.plist */,
				DB28CAC02850946F008CE742 /* _10598100_lab10App.swift */,
				DB28CAC22850946F008CE742 /* ContentView.swift */,
				DB28CAC428509470008CE742 /* Assets.xcassets */,
				DB28CAC628509470008CE742 /* Preview Content */,
			);
			path = 110598100_lab10;
			sourceTree = "<group>";
		};
		DB28CAC628509470008CE742 /* Preview Content */ = {
			isa = PBXGroup;
			children = (
				DB28CAC728509470008CE742 /* Preview Assets.xcassets */,
			);
			path = "Preview Content";
			sourceTree = "<group>";
		};
		DB28CAD028509471008CE742 /* 110598100_lab10Tests */ = {
			isa = PBXGroup;
			children = (
				DB28CAD128509471008CE742 /* _10598100_lab10Tests.swift */,
			);
			path = 110598100_lab10Tests;
			sourceTree = "<group>";
		};
		DB28CADA28509471008CE742 /* 110598100_lab10UITests */ = {
			isa = PBXGroup;
			children = (
				DB28CADB28509471008CE742 /* _10598100_lab10UITests.swift */,
				DB28CADD28509471008CE742 /* _10598100_lab10UITestsLaunchTests.swift */,
			);
			path = 110598100_lab10UITests;
			sourceTree = "<group>";
		};
/* End PBXGroup section */

/* Begin PBXNativeTarget section */
		DB28CABC2850946F008CE742 /* 110598100_lab10 */ = {
			isa = PBXNativeTarget;
			buildConfigurationList = DB28CAE128509471008CE742 /* Build configuration list for PBXNativeTarget "110598100_lab10" */;
			buildPhases = (
				DB28CAB92850946F008CE742 /* Sources */,
				DB28CABA2850946F008CE742 /* Frameworks */,
				DB28CABB2850946F008CE742 /* Resources */,
			);
			buildRules = (
			);
			dependencies = (
			);
			name = 110598100_lab10;
			packageProductDependencies = (
				DB28CAED28509754008CE742 /* FirebaseAuth */,
				DB28CAEF28509754008CE742 /* FirebaseFirestoreSwift */,
				DB28CAF128509754008CE742 /* FirebaseStorage */,
			);
			productName = 110598100_lab10;
			productReference = DB28CABD2850946F008CE742 /* 110598100_lab10.app */;
			productType = "com.apple.product-type.application";
		};
		DB28CACC28509471008CE742 /* 110598100_lab10Tests */ = {
			isa = PBXNativeTarget;
			buildConfigurationList = DB28CAE428509471008CE742 /* Build configuration list for PBXNativeTarget "110598100_lab10Tests" */;
			buildPhases = (
				DB28CAC928509471008CE742 /* Sources */,
				DB28CACA28509471008CE742 /* Frameworks */,
				DB28CACB28509471008CE742 /* Resources */,
			);
			buildRules = (
			);
			dependencies = (
				DB28CACF28509471008CE742 /* PBXTargetDependency */,
			);
			name = 110598100_lab10Tests;
			productName = 110598100_lab10Tests;
			productReference = DB28CACD28509471008CE742 /* 110598100_lab10Tests.xctest */;
			productType = "com.apple.product-type.bundle.unit-test";
		};
		DB28CAD628509471008CE742 /* 110598100_lab10UITests */ = {
			isa = PBXNativeTarget;
			buildConfigurationList = DB28CAE728509471008CE742 /* Build configuration list for PBXNativeTarget "110598100_lab10UITests" */;
			buildPhases = (
				DB28CAD328509471008CE742 /* Sources */,
				DB28CAD428509471008CE742 /* Frameworks */,
				DB28CAD528509471008CE742 /* Resources */,
			);
			buildRules = (
			);
			dependencies = (
				DB28CAD928509471008CE742 /* PBXTargetDependency */,
			);
			name = 110598100_lab10UITests;
			productName = 110598100_lab10UITests;
			productReference = DB28CAD728509471008CE742 /* 110598100_lab10UITests.xctest */;
			productType = "com.apple.product-type.bundle.ui-testing";
		};
/* End PBXNativeTarget section */

/* Begin PBXProject section */
		DB28CAB52850946F008CE742 /* Project object */ = {
			isa = PBXProject;
			attributes = {
				BuildIndependentTargetsInParallel = 1;
				LastSwiftUpdateCheck = 1340;
				LastUpgradeCheck = 1340;
				TargetAttributes = {
					DB28CABC2850946F008CE742 = {
						CreatedOnToolsVersion = 13.4;
					};
					DB28CACC28509471008CE742 = {
						CreatedOnToolsVersion = 13.4;
						TestTargetID = DB28CABC2850946F008CE742;
					};
					DB28CAD628509471008CE742 = {
						CreatedOnToolsVersion = 13.4;
						TestTargetID = DB28CABC2850946F008CE742;
					};
				};
			};
			buildConfigurationList = DB28CAB82850946F008CE742 /* Build configuration list for PBXProject "110598100_lab10" */;
			compatibilityVersion = "Xcode 13.0";
			developmentRegion = en;
			hasScannedForEncodings = 0;
			knownRegions = (
				en,
				Base,
			);
			mainGroup = DB28CAB42850946F008CE742;
			packageReferences = (
				DB28CAEC28509754008CE742 /* XCRemoteSwiftPackageReference "firebase-ios-sdk" */,
			);
			productRefGroup = DB28CABE2850946F008CE742 /* Products */;
			projectDirPath = "";
			projectRoot = "";
			targets = (
				DB28CABC2850946F008CE742 /* 110598100_lab10 */,
				DB28CACC28509471008CE742 /* 110598100_lab10Tests */,
				DB28CAD628509471008CE742 /* 110598100_lab10UITests */,
			);
		};
/* End PBXProject section */

/* Begin PBXResourcesBuildPhase section */
		DB28CABB2850946F008CE742 /* Resources */ = {
			isa = PBXResourcesBuildPhase;
			buildActionMask = 2147483647;
			files = (
				DB28CAC828509470008CE742 /* Preview Assets.xcassets in Resources */,
				DB28CAEB2850969D008CE742 /* GoogleService-Info.plist in Resources */,
				DB28CAC528509470008CE742 /* Assets.xcassets in Resources */,
			);
			runOnlyForDeploymentPostprocessing = 0;
		};
		DB28CACB28509471008CE742 /* Resources */ = {
			isa = PBXResourcesBuildPhase;
			buildActionMask = 2147483647;
			files = (
			);
			runOnlyForDeploymentPostprocessing = 0;
		};
		DB28CAD528509471008CE742 /* Resources */ = {
			isa = PBXResourcesBuildPhase;
			buildActionMask = 2147483647;
			files = (
			);
			runOnlyForDeploymentPostprocessing = 0;
		};
/* End PBXResourcesBuildPhase section */

/* Begin PBXSourcesBuildPhase section */
		DB28CAB92850946F008CE742 /* Sources */ = {
			isa = PBXSourcesBuildPhase;
			buildActionMask = 2147483647;
			files = (
				DB28CAC32850946F008CE742 /* ContentView.swift in Sources */,
				DB54BDD928519C800066B9CA /* creatAccount.swift in Sources */,
				DB54BDD528509A790066B9CA /* secondTab.swift in Sources */,
				DB54BDD328509A6C0066B9CA /* firstTab.swift in Sources */,
				DB28CAC12850946F008CE742 /* _10598100_lab10App.swift in Sources */,
			);
			runOnlyForDeploymentPostprocessing = 0;
		};
		DB28CAC928509471008CE742 /* Sources */ = {
			isa = PBXSourcesBuildPhase;
			buildActionMask = 2147483647;
			files = (
				DB28CAD228509471008CE742 /* _10598100_lab10Tests.swift in Sources */,
			);
			runOnlyForDeploymentPostprocessing = 0;
		};
		DB28CAD328509471008CE742 /* Sources */ = {
			isa = PBXSourcesBuildPhase;
			buildActionMask = 2147483647;
			files = (
				DB28CADC28509471008CE742 /* _10598100_lab10UITests.swift in Sources */,
				DB28CADE28509471008CE742 /* _10598100_lab10UITestsLaunchTests.swift in Sources */,
			);
			runOnlyForDeploymentPostprocessing = 0;
		};
/* End PBXSourcesBuildPhase section */

/* Begin PBXTargetDependency section */
		DB28CACF28509471008CE742 /* PBXTargetDependency */ = {
			isa = PBXTargetDependency;
			target = DB28CABC2850946F008CE742 /* 110598100_lab10 */;
			targetProxy = DB28CACE28509471008CE742 /* PBXContainerItemProxy */;
		};
		DB28CAD928509471008CE742 /* PBXTargetDependency */ = {
			isa = PBXTargetDependency;
			target = DB28CABC2850946F008CE742 /* 110598100_lab10 */;
			targetProxy = DB28CAD828509471008CE742 /* PBXContainerItemProxy */;
		};
/* End PBXTargetDependency section */

/* Begin XCBuildConfiguration section */
		DB28CADF28509471008CE742 /* Debug */ = {
			isa = XCBuildConfiguration;
			buildSettings = {
				ALWAYS_SEARCH_USER_PATHS = NO;
				CLANG_ANALYZER_NONNULL = YES;
				CLANG_ANALYZER_NUMBER_OBJECT_CONVERSION = YES_AGGRESSIVE;
				CLANG_CXX_LANGUAGE_STANDARD = "gnu++17";
				CLANG_ENABLE_MODULES = YES;
				CLANG_ENABLE_OBJC_ARC = YES;
				CLANG_ENABLE_OBJC_WEAK = YES;
				CLANG_WARN_BLOCK_CAPTURE_AUTORELEASING = YES;
				CLANG_WARN_BOOL_CONVERSION = YES;
				CLANG_WARN_COMMA = YES;
				CLANG_WARN_CONSTANT_CONVERSION = YES;
				CLANG_WARN_DEPRECATED_OBJC_IMPLEMENTATIONS = YES;
				CLANG_WARN_DIRECT_OBJC_ISA_USAGE = YES_ERROR;
				CLANG_WARN_DOCUMENTATION_COMMENTS = YES;
				CLANG_WARN_EMPTY_BODY = YES;
				CLANG_WARN_ENUM_CONVERSION = YES;
				CLANG_WARN_INFINITE_RECURSION = YES;
				CLANG_WARN_INT_CONVERSION = YES;
				CLANG_WARN_NON_LITERAL_NULL_CONVERSION = YES;
				CLANG_WARN_OBJC_IMPLICIT_RETAIN_SELF = YES;
				CLANG_WARN_OBJC_LITERAL_CONVERSION = YES;
				CLANG_WARN_OBJC_ROOT_CLASS = YES_ERROR;
				CLANG_WARN_QUOTED_INCLUDE_IN_FRAMEWORK_HEADER = YES;
				CLANG_WARN_RANGE_LOOP_ANALYSIS = YES;
				CLANG_WARN_STRICT_PROTOTYPES = YES;
				CLANG_WARN_SUSPICIOUS_MOVE = YES;
				CLANG_WARN_UNGUARDED_AVAILABILITY = YES_AGGRESSIVE;
				CLANG_WARN_UNREACHABLE_CODE = YES;
				CLANG_WARN__DUPLICATE_METHOD_MATCH = YES;
				COPY_PHASE_STRIP = NO;
				DEBUG_INFORMATION_FORMAT = dwarf;
				ENABLE_STRICT_OBJC_MSGSEND = YES;
				ENABLE_TESTABILITY = YES;
				GCC_C_LANGUAGE_STANDARD = gnu11;
				GCC_DYNAMIC_NO_PIC = NO;
				GCC_NO_COMMON_BLOCKS = YES;
				GCC_OPTIMIZATION_LEVEL = 0;
				GCC_PREPROCESSOR_DEFINITIONS = (
					"DEBUG=1",
					"$(inherited)",
				);
				GCC_WARN_64_TO_32_BIT_CONVERSION = YES;
				GCC_WARN_ABOUT_RETURN_TYPE = YES_ERROR;
				GCC_WARN_UNDECLARED_SELECTOR = YES;
				GCC_WARN_UNINITIALIZED_AUTOS = YES_AGGRESSIVE;
				GCC_WARN_UNUSED_FUNCTION = YES;
				GCC_WARN_UNUSED_VARIABLE = YES;
				IPHONEOS_DEPLOYMENT_TARGET = 15.5;
				MTL_ENABLE_DEBUG_INFO = INCLUDE_SOURCE;
				MTL_FAST_MATH = YES;
				ONLY_ACTIVE_ARCH = YES;
				SDKROOT = iphoneos;
				SWIFT_ACTIVE_COMPILATION_CONDITIONS = DEBUG;
				SWIFT_OPTIMIZATION_LEVEL = "-Onone";
			};
			name = Debug;
		};
		DB28CAE028509471008CE742 /* Release */ = {
			isa = XCBuildConfiguration;
			buildSettings = {
				ALWAYS_SEARCH_USER_PATHS = NO;
				CLANG_ANALYZER_NONNULL = YES;
				CLANG_ANALYZER_NUMBER_OBJECT_CONVERSION = YES_AGGRESSIVE;
				CLANG_CXX_LANGUAGE_STANDARD = "gnu++17";
				CLANG_ENABLE_MODULES = YES;
				CLANG_ENABLE_OBJC_ARC = YES;
				CLANG_ENABLE_OBJC_WEAK = YES;
				CLANG_WARN_BLOCK_CAPTURE_AUTORELEASING = YES;
				CLANG_WARN_BOOL_CONVERSION = YES;
				CLANG_WARN_COMMA = YES;
				CLANG_WARN_CONSTANT_CONVERSION = YES;
				CLANG_WARN_DEPRECATED_OBJC_IMPLEMENTATIONS = YES;
				CLANG_WARN_DIRECT_OBJC_ISA_USAGE = YES_ERROR;
				CLANG_WARN_DOCUMENTATION_COMMENTS = YES;
				CLANG_WARN_EMPTY_BODY = YES;
				CLANG_WARN_ENUM_CONVERSION = YES;
				CLANG_WARN_INFINITE_RECURSION = YES;
				CLANG_WARN_INT_CONVERSION = YES;
				CLANG_WARN_NON_LITERAL_NULL_CONVERSION = YES;
				CLANG_WARN_OBJC_IMPLICIT_RETAIN_SELF = YES;
				CLANG_WARN_OBJC_LITERAL_CONVERSION = YES;
				CLANG_WARN_OBJC_ROOT_CLASS = YES_ERROR;
				CLANG_WARN_QUOTED_INCLUDE_IN_FRAMEWORK_HEADER = YES;
				CLANG_WARN_RANGE_LOOP_ANALYSIS = YES;
				CLANG_WARN_STRICT_PROTOTYPES = YES;
				CLANG_WARN_SUSPICIOUS_MOVE = YES;
				CLANG_WARN_UNGUARDED_AVAILABILITY = YES_AGGRESSIVE;
				CLANG_WARN_UNREACHABLE_CODE = YES;
				CLANG_WARN__DUPLICATE_METHOD_MATCH = YES;
				COPY_PHASE_STRIP = NO;
				DEBUG_INFORMATION_FORMAT = "dwarf-with-dsym";
				ENABLE_NS_ASSERTIONS = NO;
				ENABLE_STRICT_OBJC_MSGSEND = YES;
				GCC_C_LANGUAGE_STANDARD = gnu11;
				GCC_NO_COMMON_BLOCKS = YES;
				GCC_WARN_64_TO_32_BIT_CONVERSION = YES;
				GCC_WARN_ABOUT_RETURN_TYPE = YES_ERROR;
				GCC_WARN_UNDECLARED_SELECTOR = YES;
				GCC_WARN_UNINITIALIZED_AUTOS = YES_AGGRESSIVE;
				GCC_WARN_UNUSED_FUNCTION = YES;
				GCC_WARN_UNUSED_VARIABLE = YES;
				IPHONEOS_DEPLOYMENT_TARGET = 15.5;
				MTL_ENABLE_DEBUG_INFO = NO;
				MTL_FAST_MATH = YES;
				SDKROOT = iphoneos;
				SWIFT_COMPILATION_MODE = wholemodule;
				SWIFT_OPTIMIZATION_LEVEL = "-O";
				VALIDATE_PRODUCT = YES;
			};
			name = Release;
		};
		DB28CAE228509471008CE742 /* Debug */ = {
			isa = XCBuildConfiguration;
			buildSettings = {
				ASSETCATALOG_COMPILER_APPICON_NAME = AppIcon;
				ASSETCATALOG_COMPILER_GLOBAL_ACCENT_COLOR_NAME = AccentColor;
				CODE_SIGN_STYLE = Automatic;
				CURRENT_PROJECT_VERSION = 1;
				DEVELOPMENT_ASSET_PATHS = "\"110598100_lab10/Preview Content\"";
				ENABLE_PREVIEWS = YES;
				GENERATE_INFOPLIST_FILE = YES;
				INFOPLIST_KEY_UIApplicationSceneManifest_Generation = YES;
				INFOPLIST_KEY_UIApplicationSupportsIndirectInputEvents = YES;
				INFOPLIST_KEY_UILaunchScreen_Generation = YES;
				INFOPLIST_KEY_UISupportedInterfaceOrientations_iPad = "UIInterfaceOrientationPortrait UIInterfaceOrientationPortraitUpsideDown UIInterfaceOrientationLandscapeLeft UIInterfaceOrientationLandscapeRight";
				INFOPLIST_KEY_UISupportedInterfaceOrientations_iPhone = "UIInterfaceOrientationPortrait UIInterfaceOrientationLandscapeLeft UIInterfaceOrientationLandscapeRight";
				LD_RUNPATH_SEARCH_PATHS = (
					"$(inherited)",
					"@executable_path/Frameworks",
				);
				MARKETING_VERSION = 1.0;
				PRODUCT_BUNDLE_IDENTIFIER = "-1100598100-lab10";
				PRODUCT_NAME = "$(TARGET_NAME)";
				SWIFT_EMIT_LOC_STRINGS = YES;
				SWIFT_VERSION = 5.0;
				TARGETED_DEVICE_FAMILY = "1,2";
			};
			name = Debug;
		};
		DB28CAE328509471008CE742 /* Release */ = {
			isa = XCBuildConfiguration;
			buildSettings = {
				ASSETCATALOG_COMPILER_APPICON_NAME = AppIcon;
				ASSETCATALOG_COMPILER_GLOBAL_ACCENT_COLOR_NAME = AccentColor;
				CODE_SIGN_STYLE = Automatic;
				CURRENT_PROJECT_VERSION = 1;
				DEVELOPMENT_ASSET_PATHS = "\"110598100_lab10/Preview Content\"";
				ENABLE_PREVIEWS = YES;
				GENERATE_INFOPLIST_FILE = YES;
				INFOPLIST_KEY_UIApplicationSceneManifest_Generation = YES;
				INFOPLIST_KEY_UIApplicationSupportsIndirectInputEvents = YES;
				INFOPLIST_KEY_UILaunchScreen_Generation = YES;
				INFOPLIST_KEY_UISupportedInterfaceOrientations_iPad = "UIInterfaceOrientationPortrait UIInterfaceOrientationPortraitUpsideDown UIInterfaceOrientationLandscapeLeft UIInterfaceOrientationLandscapeRight";
				INFOPLIST_KEY_UISupportedInterfaceOrientations_iPhone = "UIInterfaceOrientationPortrait UIInterfaceOrientationLandscapeLeft UIInterfaceOrientationLandscapeRight";
				LD_RUNPATH_SEARCH_PATHS = (
					"$(inherited)",
					"@executable_path/Frameworks",
				);
				MARKETING_VERSION = 1.0;
				PRODUCT_BUNDLE_IDENTIFIER = "-1100598100-lab10";
				PRODUCT_NAME = "$(TARGET_NAME)";
				SWIFT_EMIT_LOC_STRINGS = YES;
				SWIFT_VERSION = 5.0;
				TARGETED_DEVICE_FAMILY = "1,2";
			};
			name = Release;
		};
		DB28CAE528509471008CE742 /* Debug */ = {
			isa = XCBuildConfiguration;
			buildSettings = {
				ALWAYS_EMBED_SWIFT_STANDARD_LIBRARIES = YES;
				BUNDLE_LOADER = "$(TEST_HOST)";
				CODE_SIGN_STYLE = Automatic;
				CURRENT_PROJECT_VERSION = 1;
				GENERATE_INFOPLIST_FILE = YES;
				IPHONEOS_DEPLOYMENT_TARGET = 15.5;
				MARKETING_VERSION = 1.0;
				PRODUCT_BUNDLE_IDENTIFIER = "Imedia.-10598100-lab10Tests";
				PRODUCT_NAME = "$(TARGET_NAME)";
				SWIFT_EMIT_LOC_STRINGS = NO;
				SWIFT_VERSION = 5.0;
				TARGETED_DEVICE_FAMILY = "1,2";
				TEST_HOST = "$(BUILT_PRODUCTS_DIR)/110598100_lab10.app/110598100_lab10";
			};
			name = Debug;
		};
		DB28CAE628509471008CE742 /* Release */ = {
			isa = XCBuildConfiguration;
			buildSettings = {
				ALWAYS_EMBED_SWIFT_STANDARD_LIBRARIES = YES;
				BUNDLE_LOADER = "$(TEST_HOST)";
				CODE_SIGN_STYLE = Automatic;
				CURRENT_PROJECT_VERSION = 1;
				GENERATE_INFOPLIST_FILE = YES;
				IPHONEOS_DEPLOYMENT_TARGET = 15.5;
				MARKETING_VERSION = 1.0;
				PRODUCT_BUNDLE_IDENTIFIER = "Imedia.-10598100-lab10Tests";
				PRODUCT_NAME = "$(TARGET_NAME)";
				SWIFT_EMIT_LOC_STRINGS = NO;
				SWIFT_VERSION = 5.0;
				TARGETED_DEVICE_FAMILY = "1,2";
				TEST_HOST = "$(BUILT_PRODUCTS_DIR)/110598100_lab10.app/110598100_lab10";
			};
			name = Release;
		};
		DB28CAE828509471008CE742 /* Debug */ = {
			isa = XCBuildConfiguration;
			buildSettings = {
				ALWAYS_EMBED_SWIFT_STANDARD_LIBRARIES = YES;
				CODE_SIGN_STYLE = Automatic;
				CURRENT_PROJECT_VERSION = 1;
				GENERATE_INFOPLIST_FILE = YES;
				MARKETING_VERSION = 1.0;
				PRODUCT_BUNDLE_IDENTIFIER = "Imedia.-10598100-lab10UITests";
				PRODUCT_NAME = "$(TARGET_NAME)";
				SWIFT_EMIT_LOC_STRINGS = NO;
				SWIFT_VERSION = 5.0;
				TARGETED_DEVICE_FAMILY = "1,2";
				TEST_TARGET_NAME = 110598100_lab10;
			};
			name = Debug;
		};
		DB28CAE928509471008CE742 /* Release */ = {
			isa = XCBuildConfiguration;
			buildSettings = {
				ALWAYS_EMBED_SWIFT_STANDARD_LIBRARIES = YES;
				CODE_SIGN_STYLE = Automatic;
				CURRENT_PROJECT_VERSION = 1;
				GENERATE_INFOPLIST_FILE = YES;
				MARKETING_VERSION = 1.0;
				PRODUCT_BUNDLE_IDENTIFIER = "Imedia.-10598100-lab10UITests";
				PRODUCT_NAME = "$(TARGET_NAME)";
				SWIFT_EMIT_LOC_STRINGS = NO;
				SWIFT_VERSION = 5.0;
				TARGETED_DEVICE_FAMILY = "1,2";
				TEST_TARGET_NAME = 110598100_lab10;
			};
			name = Release;
		};
/* End XCBuildConfiguration section */

/* Begin XCConfigurationList section */
		DB28CAB82850946F008CE742 /* Build configuration list for PBXProject "110598100_lab10" */ = {
			isa = XCConfigurationList;
			buildConfigurations = (
				DB28CADF28509471008CE742 /* Debug */,
				DB28CAE028509471008CE742 /* Release */,
			);
			defaultConfigurationIsVisible = 0;
			defaultConfigurationName = Release;
		};
		DB28CAE128509471008CE742 /* Build configuration list for PBXNativeTarget "110598100_lab10" */ = {
			isa = XCConfigurationList;
			buildConfigurations = (
				DB28CAE228509471008CE742 /* Debug */,
				DB28CAE328509471008CE742 /* Release */,
			);
			defaultConfigurationIsVisible = 0;
			defaultConfigurationName = Release;
		};
		DB28CAE428509471008CE742 /* Build configuration list for PBXNativeTarget "110598100_lab10Tests" */ = {
			isa = XCConfigurationList;
			buildConfigurations = (
				DB28CAE528509471008CE742 /* Debug */,
				DB28CAE628509471008CE742 /* Release */,
			);
			defaultConfigurationIsVisible = 0;
			defaultConfigurationName = Release;
		};
		DB28CAE728509471008CE742 /* Build configuration list for PBXNativeTarget "110598100_lab10UITests" */ = {
			isa = XCConfigurationList;
			buildConfigurations = (
				DB28CAE828509471008CE742 /* Debug */,
				DB28CAE928509471008CE742 /* Release */,
			);
			defaultConfigurationIsVisible = 0;
			defaultConfigurationName = Release;
		};
/* End XCConfigurationList section */

/* Begin XCRemoteSwiftPackageReference section */
		DB28CAEC28509754008CE742 /* XCRemoteSwiftPackageReference "firebase-ios-sdk" */ = {
			isa = XCRemoteSwiftPackageReference;
			repositoryURL = "https://github.com/firebase/firebase-ios-sdk";
			requirement = {
				branch = master;
				kind = branch;
			};
		};
/* End XCRemoteSwiftPackageReference section */

/* Begin XCSwiftPackageProductDependency section */
		DB28CAED28509754008CE742 /* FirebaseAuth */ = {
			isa = XCSwiftPackageProductDependency;
			package = DB28CAEC28509754008CE742 /* XCRemoteSwiftPackageReference "firebase-ios-sdk" */;
			productName = FirebaseAuth;
		};
		DB28CAEF28509754008CE742 /* FirebaseFirestoreSwift */ = {
			isa = XCSwiftPackageProductDependency;
			package = DB28CAEC28509754008CE742 /* XCRemoteSwiftPackageReference "firebase-ios-sdk" */;
			productName = FirebaseFirestoreSwift;
		};
		DB28CAF128509754008CE742 /* FirebaseStorage */ = {
			isa = XCSwiftPackageProductDependency;
			package = DB28CAEC28509754008CE742 /* XCRemoteSwiftPackageReference "firebase-ios-sdk" */;
			productName = FirebaseStorage;
		};
/* End XCSwiftPackageProductDependency section */
	};
	rootObject = DB28CAB52850946F008CE742 /* Project object */;
}
